// !$*UTF8*$!
{
	archiveVersion = 1;
	classes = {
	};
	objectVersion = 50;
	objects = {

/* Begin PBXBuildFile section */
		C618BA2521B5880F00125D5B /* AppDelegate.swift in Sources */ = {isa = PBXBuildFile; fileRef = C618BA2421B5880F00125D5B /* AppDelegate.swift */; };
		C618BA2721B5880F00125D5B /* CrayonViewController.swift in Sources */ = {isa = PBXBuildFile; fileRef = C618BA2621B5880F00125D5B /* CrayonViewController.swift */; };
		C618BA2A21B5880F00125D5B /* Main.storyboard in Resources */ = {isa = PBXBuildFile; fileRef = C618BA2821B5880F00125D5B /* Main.storyboard */; };
		C618BA2C21B5881200125D5B /* Assets.xcassets in Resources */ = {isa = PBXBuildFile; fileRef = C618BA2B21B5881200125D5B /* Assets.xcassets */; };
		C618BA2F21B5881200125D5B /* LaunchScreen.storyboard in Resources */ = {isa = PBXBuildFile; fileRef = C618BA2D21B5881200125D5B /* LaunchScreen.storyboard */; };
		C618BA3721B5885C00125D5B /* Crayon.swift in Sources */ = {isa = PBXBuildFile; fileRef = C618BA3621B5885C00125D5B /* Crayon.swift */; };
		C618BA3A21B58FB700125D5B /* CrayonDetailViewController.swift in Sources */ = {isa = PBXBuildFile; fileRef = C618BA3921B58FB700125D5B /* CrayonDetailViewController.swift */; };
/* End PBXBuildFile section */

/* Begin PBXFileReference section */
		C618BA2121B5880F00125D5B /* Crayons.app */ = {isa = PBXFileReference; explicitFileType = wrapper.application; includeInIndex = 0; path = Crayons.app; sourceTree = BUILT_PRODUCTS_DIR; };
		C618BA2421B5880F00125D5B /* AppDelegate.swift */ = {isa = PBXFileReference; lastKnownFileType = sourcecode.swift; path = AppDelegate.swift; sourceTree = "<group>"; };
		C618BA2621B5880F00125D5B /* CrayonViewController.swift */ = {isa = PBXFileReference; lastKnownFileType = sourcecode.swift; path = CrayonViewController.swift; sourceTree = "<group>"; wrapsLines = 0; };
		C618BA2921B5880F00125D5B /* Base */ = {isa = PBXFileReference; lastKnownFileType = file.storyboard; name = Base; path = Base.lproj/Main.storyboard; sourceTree = "<group>"; };
		C618BA2B21B5881200125D5B /* Assets.xcassets */ = {isa = PBXFileReference; lastKnownFileType = folder.assetcatalog; path = Assets.xcassets; sourceTree = "<group>"; };
		C618BA2E21B5881200125D5B /* Base */ = {isa = PBXFileReference; lastKnownFileType = file.storyboard; name = Base; path = Base.lproj/LaunchScreen.storyboard; sourceTree = "<group>"; };
		C618BA3021B5881200125D5B /* Info.plist */ = {isa = PBXFileReference; lastKnownFileType = text.plist.xml; path = Info.plist; sourceTree = "<group>"; };
		C618BA3621B5885C00125D5B /* Crayon.swift */ = {isa = PBXFileReference; lastKnownFileType = sourcecode.swift; path = Crayon.swift; sourceTree = "<group>"; };
		C618BA3921B58FB700125D5B /* CrayonDetailViewController.swift */ = {isa = PBXFileReference; lastKnownFileType = sourcecode.swift; path = CrayonDetailViewController.swift; sourceTree = "<group>"; };
/* End PBXFileReference section */

/* Begin PBXFrameworksBuildPhase section */
		C618BA1E21B5880F00125D5B /* Frameworks */ = {
			isa = PBXFrameworksBuildPhase;
			buildActionMask = 2147483647;
			files = (
			);
			runOnlyForDeploymentPostprocessing = 0;
		};
/* End PBXFrameworksBuildPhase section */

/* Begin PBXGroup section */
		C618BA1821B5880F00125D5B = {
			isa = PBXGroup;
			children = (
				C618BA3821B588B400125D5B /* Models */,
				C618BA2321B5880F00125D5B /* Crayons */,
				C618BA2221B5880F00125D5B /* Products */,
			);
			sourceTree = "<group>";
		};
		C618BA2221B5880F00125D5B /* Products */ = {
			isa = PBXGroup;
			children = (
				C618BA2121B5880F00125D5B /* Crayons.app */,
			);
			name = Products;
			sourceTree = "<group>";
		};
		C618BA2321B5880F00125D5B /* Crayons */ = {
			isa = PBXGroup;
			children = (
				C618BA2421B5880F00125D5B /* AppDelegate.swift */,
				C618BA2621B5880F00125D5B /* CrayonViewController.swift */,
				C618BA3921B58FB700125D5B /* CrayonDetailViewController.swift */,
				C618BA2821B5880F00125D5B /* Main.storyboard */,
				C618BA2B21B5881200125D5B /* Assets.xcassets */,
				C618BA2D21B5881200125D5B /* LaunchScreen.storyboard */,
				C618BA3021B5881200125D5B /* Info.plist */,
			);
			path = Crayons;
			sourceTree = "<group>";
		};
		C618BA3821B588B400125D5B /* Models */ = {
			isa = PBXGroup;
			children = (
				C618BA3621B5885C00125D5B /* Crayon.swift */,
			);
			path = Models;
			sourceTree = "<group>";
		};
/* End PBXGroup section */

/* Begin PBXNativeTarget section */
		C618BA2021B5880F00125D5B /* Crayons */ = {
			isa = PBXNativeTarget;
			buildConfigurationList = C618BA3321B5881200125D5B /* Build configuration list for PBXNativeTarget "Crayons" */;
			buildPhases = (
				C618BA1D21B5880F00125D5B /* Sources */,
				C618BA1E21B5880F00125D5B /* Frameworks */,
				C618BA1F21B5880F00125D5B /* Resources */,
			);
			buildRules = (
			);
			dependencies = (
			);
			name = Crayons;
			productName = Crayons;
			productReference = C618BA2121B5880F00125D5B /* Crayons.app */;
			productType = "com.apple.product-type.application";
		};
/* End PBXNativeTarget section */

/* Begin PBXProject section */
		C618BA1921B5880F00125D5B /* Project object */ = {
			isa = PBXProject;
			attributes = {
				LastSwiftUpdateCheck = 1000;
				LastUpgradeCheck = 1000;
				ORGANIZATIONNAME = Pursuit;
				TargetAttributes = {
					C618BA2021B5880F00125D5B = {
						CreatedOnToolsVersion = 10.0;
					};
				};
			};
			buildConfigurationList = C618BA1C21B5880F00125D5B /* Build configuration list for PBXProject "Crayons" */;
			compatibilityVersion = "Xcode 9.3";
			developmentRegion = en;
			hasScannedForEncodings = 0;
			knownRegions = (
				en,
				Base,
			);
			mainGroup = C618BA1821B5880F00125D5B;
			productRefGroup = C618BA2221B5880F00125D5B /* Products */;
			projectDirPath = "";
			projectRoot = "";
			targets = (
				C618BA2021B5880F00125D5B /* Crayons */,
			);
		};
/* End PBXProject section */

/* Begin PBXResourcesBuildPhase section */
		C618BA1F21B5880F00125D5B /* Resources */ = {
			isa = PBXResourcesBuildPhase;
			buildActionMask = 2147483647;
			files = (
				C618BA2F21B5881200125D5B /* LaunchScreen.storyboard in Resources */,
				C618BA2C21B5881200125D5B /* Assets.xcassets in Resources */,
				C618BA2A21B5880F00125D5B /* Main.storyboard in Resources */,
			);
			runOnlyForDeploymentPostprocessing = 0;
		};
/* End PBXResourcesBuildPhase section */

/* Begin PBXSourcesBuildPhase section */
		C618BA1D21B5880F00125D5B /* Sources */ = {
			isa = PBXSourcesBuildPhase;
			buildActionMask = 2147483647;
			files = (
				C618BA3721B5885C00125D5B /* Crayon.swift in Sources */,
				C618BA2721B5880F00125D5B /* CrayonViewController.swift in Sources */,
				C618BA3A21B58FB700125D5B /* CrayonDetailViewController.swift in Sources */,
				C618BA2521B5880F00125D5B /* AppDelegate.swift in Sources */,
			);
			runOnlyForDeploymentPostprocessing = 0;
		};
/* End PBXSourcesBuildPhase section */

/* Begin PBXVariantGroup section */
		C618BA2821B5880F00125D5B /* Main.storyboard */ = {
			isa = PBXVariantGroup;
			children = (
				C618BA2921B5880F00125D5B /* Base */,
			);
			name = Main.storyboard;
			sourceTree = "<group>";
		};
		C618BA2D21B5881200125D5B /* LaunchScreen.storyboard */ = {
			isa = PBXVariantGroup;
			children = (
				C618BA2E21B5881200125D5B /* Base */,
			);
			name = LaunchScreen.storyboard;
			sourceTree = "<group>";
		};
/* End PBXVariantGroup section */

/* Begin XCBuildConfiguration section */
		C618BA3121B5881200125D5B /* Debug */ = {
			isa = XCBuildConfiguration;
			buildSettings = {
				ALWAYS_SEARCH_USER_PATHS = NO;
				CLANG_ANALYZER_NONNULL = YES;
				CLANG_ANALYZER_NUMBER_OBJECT_CONVERSION = YES_AGGRESSIVE;
				CLANG_CXX_LANGUAGE_STANDARD = "gnu++14";
				CLANG_CXX_LIBRARY = "libc++";
				CLANG_ENABLE_MODULES = YES;
				CLANG_ENABLE_OBJC_ARC = YES;
				CLANG_ENABLE_OBJC_WEAK = YES;
				CLANG_WARN_BLOCK_CAPTURE_AUTORELEASING = YES;
				CLANG_WARN_BOOL_CONVERSION = YES;
				CLANG_WARN_COMMA = YES;
				CLANG_WARN_CONSTANT_CONVERSION = YES;
				CLANG_WARN_DEPRECATED_OBJC_IMPLEMENTATIONS = YES;
				CLANG_WARN_DIRECT_OBJC_ISA_USAGE = YES_ERROR;
				CLANG_WARN_DOCUMENTATION_COMMENTS = YES;
				CLANG_WARN_EMPTY_BODY = YES;
				CLANG_WARN_ENUM_CONVERSION = YES;
				CLANG_WARN_INFINITE_RECURSION = YES;
				CLANG_WARN_INT_CONVERSION = YES;
				CLANG_WARN_NON_LITERAL_NULL_CONVERSION = YES;
				CLANG_WARN_OBJC_IMPLICIT_RETAIN_SELF = YES;
				CLANG_WARN_OBJC_LITERAL_CONVERSION = YES;
				CLANG_WARN_OBJC_ROOT_CLASS = YES_ERROR;
				CLANG_WARN_RANGE_LOOP_ANALYSIS = YES;
				CLANG_WARN_STRICT_PROTOTYPES = YES;
				CLANG_WARN_SUSPICIOUS_MOVE = YES;
				CLANG_WARN_UNGUARDED_AVAILABILITY = YES_AGGRESSIVE;
				CLANG_WARN_UNREACHABLE_CODE = YES;
				CLANG_WARN__DUPLICATE_METHOD_MATCH = YES;
				CODE_SIGN_IDENTITY = "iPhone Developer";
				COPY_PHASE_STRIP = NO;
				DEBUG_INFORMATION_FORMAT = dwarf;
				ENABLE_STRICT_OBJC_MSGSEND = YES;
				ENABLE_TESTABILITY = YES;
				GCC_C_LANGUAGE_STANDARD = gnu11;
				GCC_DYNAMIC_NO_PIC = NO;
				GCC_NO_COMMON_BLOCKS = YES;
				GCC_OPTIMIZATION_LEVEL = 0;
				GCC_PREPROCESSOR_DEFINITIONS = (
					"DEBUG=1",
					"$(inherited)",
				);
				GCC_WARN_64_TO_32_BIT_CONVERSION = YES;
				GCC_WARN_ABOUT_RETURN_TYPE = YES_ERROR;
				GCC_WARN_UNDECLARED_SELECTOR = YES;
				GCC_WARN_UNINITIALIZED_AUTOS = YES_AGGRESSIVE;
				GCC_WARN_UNUSED_FUNCTION = YES;
				GCC_WARN_UNUSED_VARIABLE = YES;
				IPHONEOS_DEPLOYMENT_TARGET = 12.0;
				MTL_ENABLE_DEBUG_INFO = INCLUDE_SOURCE;
				MTL_FAST_MATH = YES;
				ONLY_ACTIVE_ARCH = YES;
				SDKROOT = iphoneos;
				SWIFT_ACTIVE_COMPILATION_CONDITIONS = DEBUG;
				SWIFT_OPTIMIZATION_LEVEL = "-Onone";
			};
			name = Debug;
		};
		C618BA3221B5881200125D5B /* Release */ = {
			isa = XCBuildConfiguration;
			buildSettings = {
				ALWAYS_SEARCH_USER_PATHS = NO;
				CLANG_ANALYZER_NONNULL = YES;
				CLANG_ANALYZER_NUMBER_OBJECT_CONVERSION = YES_AGGRESSIVE;
				CLANG_CXX_LANGUAGE_STANDARD = "gnu++14";
				CLANG_CXX_LIBRARY = "libc++";
				CLANG_ENABLE_MODULES = YES;
				CLANG_ENABLE_OBJC_ARC = YES;
				CLANG_ENABLE_OBJC_WEAK = YES;
				CLANG_WARN_BLOCK_CAPTURE_AUTORELEASING = YES;
				CLANG_WARN_BOOL_CONVERSION = YES;
				CLANG_WARN_COMMA = YES;
				CLANG_WARN_CONSTANT_CONVERSION = YES;
				CLANG_WARN_DEPRECATED_OBJC_IMPLEMENTATIONS = YES;
				CLANG_WARN_DIRECT_OBJC_ISA_USAGE = YES_ERROR;
				CLANG_WARN_DOCUMENTATION_COMMENTS = YES;
				CLANG_WARN_EMPTY_BODY = YES;
				CLANG_WARN_ENUM_CONVERSION = YES;
				CLANG_WARN_INFINITE_RECURSION = YES;
				CLANG_WARN_INT_CONVERSION = YES;
				CLANG_WARN_NON_LITERAL_NULL_CONVERSION = YES;
				CLANG_WARN_OBJC_IMPLICIT_RETAIN_SELF = YES;
				CLANG_WARN_OBJC_LITERAL_CONVERSION = YES;
				CLANG_WARN_OBJC_ROOT_CLASS = YES_ERROR;
				CLANG_WARN_RANGE_LOOP_ANALYSIS = YES;
				CLANG_WARN_STRICT_PROTOTYPES = YES;
				CLANG_WARN_SUSPICIOUS_MOVE = YES;
				CLANG_WARN_UNGUARDED_AVAILABILITY = YES_AGGRESSIVE;
				CLANG_WARN_UNREACHABLE_CODE = YES;
				CLANG_WARN__DUPLICATE_METHOD_MATCH = YES;
				CODE_SIGN_IDENTITY = "iPhone Developer";
				COPY_PHASE_STRIP = NO;
				DEBUG_INFORMATION_FORMAT = "dwarf-with-dsym";
				ENABLE_NS_ASSERTIONS = NO;
				ENABLE_STRICT_OBJC_MSGSEND = YES;
				GCC_C_LANGUAGE_STANDARD = gnu11;
				GCC_NO_COMMON_BLOCKS = YES;
				GCC_WARN_64_TO_32_BIT_CONVERSION = YES;
				GCC_WARN_ABOUT_RETURN_TYPE = YES_ERROR;
				GCC_WARN_UNDECLARED_SELECTOR = YES;
				GCC_WARN_UNINITIALIZED_AUTOS = YES_AGGRESSIVE;
				GCC_WARN_UNUSED_FUNCTION = YES;
				GCC_WARN_UNUSED_VARIABLE = YES;
				IPHONEOS_DEPLOYMENT_TARGET = 12.0;
				MTL_ENABLE_DEBUG_INFO = NO;
				MTL_FAST_MATH = YES;
				SDKROOT = iphoneos;
				SWIFT_COMPILATION_MODE = wholemodule;
				SWIFT_OPTIMIZATION_LEVEL = "-O";
				VALIDATE_PRODUCT = YES;
			};
			name = Release;
		};
		C618BA3421B5881200125D5B /* Debug */ = {
			isa = XCBuildConfiguration;
			buildSettings = {
				ASSETCATALOG_COMPILER_APPICON_NAME = AppIcon;
				CODE_SIGN_STYLE = Automatic;
				DEVELOPMENT_TEAM = 27KQ4G2M79;
				INFOPLIST_FILE = Crayons/Info.plist;
				LD_RUNPATH_SEARCH_PATHS = (
					"$(inherited)",
					"@executable_path/Frameworks",
				);
				PRODUCT_BUNDLE_IDENTIFIER = org.Pursuit.Crayons;
				PRODUCT_NAME = "$(TARGET_NAME)";
				SWIFT_VERSION = 4.2;
				TARGETED_DEVICE_FAMILY = "1,2";
			};
			name = Debug;
		};
		C618BA3521B5881200125D5B /* Release */ = {
			isa = XCBuildConfiguration;
			buildSettings = {
				ASSETCATALOG_COMPILER_APPICON_NAME = AppIcon;
				CODE_SIGN_STYLE = Automatic;
				DEVELOPMENT_TEAM = 27KQ4G2M79;
				INFOPLIST_FILE = Crayons/Info.plist;
				LD_RUNPATH_SEARCH_PATHS = (
					"$(inherited)",
					"@executable_path/Frameworks",
				);
				PRODUCT_BUNDLE_IDENTIFIER = org.Pursuit.Crayons;
				PRODUCT_NAME = "$(TARGET_NAME)";
				SWIFT_VERSION = 4.2;
				TARGETED_DEVICE_FAMILY = "1,2";
			};
			name = Release;
		};
/* End XCBuildConfiguration section */

/* Begin XCConfigurationList section */
		C618BA1C21B5880F00125D5B /* Build configuration list for PBXProject "Crayons" */ = {
			isa = XCConfigurationList;
			buildConfigurations = (
				C618BA3121B5881200125D5B /* Debug */,
				C618BA3221B5881200125D5B /* Release */,
			);
			defaultConfigurationIsVisible = 0;
			defaultConfigurationName = Release;
		};
		C618BA3321B5881200125D5B /* Build configuration list for PBXNativeTarget "Crayons" */ = {
			isa = XCConfigurationList;
			buildConfigurations = (
				C618BA3421B5881200125D5B /* Debug */,
				C618BA3521B5881200125D5B /* Release */,
			);
			defaultConfigurationIsVisible = 0;
			defaultConfigurationName = Release;
		};
/* End XCConfigurationList section */
	};
	rootObject = C618BA1921B5880F00125D5B /* Project object */;
}
